
Microsoft Visual Studio Solution File, Format Version 12.00
# Visual Studio Version 16
VisualStudioVersion = 16.0.30225.117
MinimumVisualStudioVersion = 10.0.40219.1
Project("{FAE04EC0-301F-11D3-BF4B-00C04F79EFBC}") = "IntroToWPF", "IntroToWPF\IntroToWPF.csproj", "{A63628DC-0CDC-4666-BB82-46FE628AFE0D}"
EndProject
Global
	GlobalSection(SolutionConfigurationPlatforms) = preSolution
		Debug|Any CPU = Debug|Any CPU
		Release|Any CPU = Release|Any CPU
	EndGlobalSection
	GlobalSection(ProjectConfigurationPlatforms) = postSolution
		{A63628DC-0CDC-4666-BB82-46FE628AFE0D}.Debug|Any CPU.ActiveCfg = Debug|Any CPU
		{A63628DC-0CDC-4666-BB82-46FE628AFE0D}.Debug|Any CPU.Build.0 = Debug|Any CPU
		{A63628DC-0CDC-4666-BB82-46FE628AFE0D}.Release|Any CPU.ActiveCfg = Release|Any CPU
		{A63628DC-0CDC-4666-BB82-46FE628AFE0D}.Release|Any CPU.Build.0 = Release|Any CPU
	EndGlobalSection
	GlobalSection(SolutionProperties) = preSolution
		HideSolutionNode = FALSE
	EndGlobalSection
	GlobalSection(ExtensibilityGlobals) = postSolution
		SolutionGuid = {475D97EF-E896-405A-971B-D1E407D07A6A}
	EndGlobalSection
EndGlobal
